
Microsoft Visual Studio Solution File, Format Version 12.00
# Visual Studio Version 17
VisualStudioVersion = 17.10.35122.118
MinimumVisualStudioVersion = 10.0.40219.1
Project("{9A19103F-16F7-4668-BE54-9A1E7A4F7556}") = "ASP.NetHomework3", "ASP.NetHomework3.csproj", "{674260D2-1BD7-43E6-854F-6FD1E853E2C2}"
EndProject
Global
	GlobalSection(SolutionConfigurationPlatforms) = preSolution
		Debug|Any CPU = Debug|Any CPU
		Release|Any CPU = Release|Any CPU
	EndGlobalSection
	GlobalSection(ProjectConfigurationPlatforms) = postSolution
		{674260D2-1BD7-43E6-854F-6FD1E853E2C2}.Debug|Any CPU.ActiveCfg = Debug|Any CPU
		{674260D2-1BD7-43E6-854F-6FD1E853E2C2}.Debug|Any CPU.Build.0 = Debug|Any CPU
		{674260D2-1BD7-43E6-854F-6FD1E853E2C2}.Release|Any CPU.ActiveCfg = Release|Any CPU
		{674260D2-1BD7-43E6-854F-6FD1E853E2C2}.Release|Any CPU.Build.0 = Release|Any CPU
	EndGlobalSection
	GlobalSection(SolutionProperties) = preSolution
		HideSolutionNode = FALSE
	EndGlobalSection
	GlobalSection(ExtensibilityGlobals) = postSolution
		SolutionGuid = {6E64B13B-9C74-487F-92A2-BABF6D1969C5}
	EndGlobalSection
EndGlobal
